
Microsoft Visual Studio Solution File, Format Version 12.00
# Visual Studio 15
VisualStudioVersion = 15.0.26730.16
MinimumVisualStudioVersion = 10.0.40219.1
Project("{FAE04EC0-301F-11D3-BF4B-00C04F79EFBC}") = "Ch03_SelectionStatements", "Ch03_SelectionStatements\Ch03_SelectionStatements.csproj", "{A9802821-6BDD-4C78-A821-97CDB0A2C793}"
EndProject
Project("{FAE04EC0-301F-11D3-BF4B-00C04F79EFBC}") = "Ch03_IterationStatements", "Ch03_IterationStatements\Ch03_IterationStatements.csproj", "{9DD9D5E1-B753-418D-9C5D-2949B4C9285F}"
EndProject
Project("{FAE04EC0-301F-11D3-BF4B-00C04F79EFBC}") = "Ch03_CastingConverting", "Ch03_CastingConverting\Ch03_CastingConverting.csproj", "{0D84F4CA-940D-4A38-AEF5-9E1A8727166D}"
EndProject
Project("{FAE04EC0-301F-11D3-BF4B-00C04F79EFBC}") = "Ch03_HandlingExceptions", "Ch03_HandlingExceptions\Ch03_HandlingExceptions.csproj", "{00CC4690-FBF3-4819-A587-80D8C819F138}"
EndProject
Project("{FAE04EC0-301F-11D3-BF4B-00C04F79EFBC}") = "Ch03_CheckingForOverflow", "Ch03_CheckingForOverflow\Ch03_CheckingForOverflow.csproj", "{7580796D-B2BB-420D-8148-623573547EE5}"
EndProject
Global
	GlobalSection(SolutionConfigurationPlatforms) = preSolution
		Debug|Any CPU = Debug|Any CPU
		Release|Any CPU = Release|Any CPU
	EndGlobalSection
	GlobalSection(ProjectConfigurationPlatforms) = postSolution
		{A9802821-6BDD-4C78-A821-97CDB0A2C793}.Debug|Any CPU.ActiveCfg = Debug|Any CPU
		{A9802821-6BDD-4C78-A821-97CDB0A2C793}.Debug|Any CPU.Build.0 = Debug|Any CPU
		{A9802821-6BDD-4C78-A821-97CDB0A2C793}.Release|Any CPU.ActiveCfg = Release|Any CPU
		{A9802821-6BDD-4C78-A821-97CDB0A2C793}.Release|Any CPU.Build.0 = Release|Any CPU
		{9DD9D5E1-B753-418D-9C5D-2949B4C9285F}.Debug|Any CPU.ActiveCfg = Debug|Any CPU
		{9DD9D5E1-B753-418D-9C5D-2949B4C9285F}.Debug|Any CPU.Build.0 = Debug|Any CPU
		{9DD9D5E1-B753-418D-9C5D-2949B4C9285F}.Release|Any CPU.ActiveCfg = Release|Any CPU
		{9DD9D5E1-B753-418D-9C5D-2949B4C9285F}.Release|Any CPU.Build.0 = Release|Any CPU
		{0D84F4CA-940D-4A38-AEF5-9E1A8727166D}.Debug|Any CPU.ActiveCfg = Debug|Any CPU
		{0D84F4CA-940D-4A38-AEF5-9E1A8727166D}.Debug|Any CPU.Build.0 = Debug|Any CPU
		{0D84F4CA-940D-4A38-AEF5-9E1A8727166D}.Release|Any CPU.ActiveCfg = Release|Any CPU
		{0D84F4CA-940D-4A38-AEF5-9E1A8727166D}.Release|Any CPU.Build.0 = Release|Any CPU
		{00CC4690-FBF3-4819-A587-80D8C819F138}.Debug|Any CPU.ActiveCfg = Debug|Any CPU
		{00CC4690-FBF3-4819-A587-80D8C819F138}.Debug|Any CPU.Build.0 = Debug|Any CPU
		{00CC4690-FBF3-4819-A587-80D8C819F138}.Release|Any CPU.ActiveCfg = Release|Any CPU
		{00CC4690-FBF3-4819-A587-80D8C819F138}.Release|Any CPU.Build.0 = Release|Any CPU
		{7580796D-B2BB-420D-8148-623573547EE5}.Debug|Any CPU.ActiveCfg = Debug|Any CPU
		{7580796D-B2BB-420D-8148-623573547EE5}.Debug|Any CPU.Build.0 = Debug|Any CPU
		{7580796D-B2BB-420D-8148-623573547EE5}.Release|Any CPU.ActiveCfg = Release|Any CPU
		{7580796D-B2BB-420D-8148-623573547EE5}.Release|Any CPU.Build.0 = Release|Any CPU
	EndGlobalSection
	GlobalSection(SolutionProperties) = preSolution
		HideSolutionNode = FALSE
	EndGlobalSection
	GlobalSection(ExtensibilityGlobals) = postSolution
		SolutionGuid = {74FB8218-0BDA-4196-95B0-C31B8BFF51FD}
	EndGlobalSection
EndGlobal
