
Microsoft Visual Studio Solution File, Format Version 12.00
# Visual Studio 15
VisualStudioVersion = 15.0.26730.16
MinimumVisualStudioVersion = 10.0.40219.1
Project("{FAE04EC0-301F-11D3-BF4B-00C04F79EFBC}") = "Ch01_WelcomeDotNetCore", "Ch01_WelcomeDotNetCore\Ch01_WelcomeDotNetCore.csproj", "{FEC5312C-F43F-4677-A920-8186B6D08B5C}"
EndProject
Project("{9A19103F-16F7-4668-BE54-9A1E7A4F7556}") = "Ch01_HelloCS", "Ch01_HelloCS\Ch01_HelloCS.csproj", "{12D4934B-6AFB-45DE-956D-E2D46D06F9EE}"
EndProject
Global
	GlobalSection(SolutionConfigurationPlatforms) = preSolution
		Debug|Any CPU = Debug|Any CPU
		Release|Any CPU = Release|Any CPU
	EndGlobalSection
	GlobalSection(ProjectConfigurationPlatforms) = postSolution
		{FEC5312C-F43F-4677-A920-8186B6D08B5C}.Debug|Any CPU.ActiveCfg = Debug|Any CPU
		{FEC5312C-F43F-4677-A920-8186B6D08B5C}.Debug|Any CPU.Build.0 = Debug|Any CPU
		{FEC5312C-F43F-4677-A920-8186B6D08B5C}.Release|Any CPU.ActiveCfg = Release|Any CPU
		{FEC5312C-F43F-4677-A920-8186B6D08B5C}.Release|Any CPU.Build.0 = Release|Any CPU
		{12D4934B-6AFB-45DE-956D-E2D46D06F9EE}.Debug|Any CPU.ActiveCfg = Debug|Any CPU
		{12D4934B-6AFB-45DE-956D-E2D46D06F9EE}.Debug|Any CPU.Build.0 = Debug|Any CPU
		{12D4934B-6AFB-45DE-956D-E2D46D06F9EE}.Release|Any CPU.ActiveCfg = Release|Any CPU
		{12D4934B-6AFB-45DE-956D-E2D46D06F9EE}.Release|Any CPU.Build.0 = Release|Any CPU
	EndGlobalSection
	GlobalSection(SolutionProperties) = preSolution
		HideSolutionNode = FALSE
	EndGlobalSection
	GlobalSection(ExtensibilityGlobals) = postSolution
		SolutionGuid = {8951DD07-7A35-4F59-926E-DC367F25B72A}
	EndGlobalSection
EndGlobal
