
Microsoft Visual Studio Solution File, Format Version 12.00
# Visual Studio 15
VisualStudioVersion = 15.0.26730.16
MinimumVisualStudioVersion = 10.0.40219.1
Project("{FAE04EC0-301F-11D3-BF4B-00C04F79EFBC}") = "Ch05_Debugging", "Ch05_Debugging\Ch05_Debugging.csproj", "{56909365-ACCE-4744-90DB-FF13325A0C20}"
EndProject
Project("{FAE04EC0-301F-11D3-BF4B-00C04F79EFBC}") = "Ch05_Monitoring", "Ch05_Monitoring\Ch05_Monitoring.csproj", "{F16BC39F-A223-4EB7-A9FD-8998AA78FD77}"
EndProject
Project("{FAE04EC0-301F-11D3-BF4B-00C04F79EFBC}") = "Ch05_Calculator", "Ch05_Calculator\Ch05_Calculator.csproj", "{619F1062-A575-4DD5-92E0-F34446917111}"
EndProject
Project("{FAE04EC0-301F-11D3-BF4B-00C04F79EFBC}") = "Ch05_CalculatorUnitTests", "Ch05_CalculatorUnitTests\Ch05_CalculatorUnitTests.csproj", "{1B4DCC28-BB7B-4F49-9D39-59ADB6D2A54E}"
EndProject
Global
	GlobalSection(SolutionConfigurationPlatforms) = preSolution
		Debug|Any CPU = Debug|Any CPU
		Release|Any CPU = Release|Any CPU
	EndGlobalSection
	GlobalSection(ProjectConfigurationPlatforms) = postSolution
		{56909365-ACCE-4744-90DB-FF13325A0C20}.Debug|Any CPU.ActiveCfg = Debug|Any CPU
		{56909365-ACCE-4744-90DB-FF13325A0C20}.Debug|Any CPU.Build.0 = Debug|Any CPU
		{56909365-ACCE-4744-90DB-FF13325A0C20}.Release|Any CPU.ActiveCfg = Release|Any CPU
		{56909365-ACCE-4744-90DB-FF13325A0C20}.Release|Any CPU.Build.0 = Release|Any CPU
		{F16BC39F-A223-4EB7-A9FD-8998AA78FD77}.Debug|Any CPU.ActiveCfg = Debug|Any CPU
		{F16BC39F-A223-4EB7-A9FD-8998AA78FD77}.Debug|Any CPU.Build.0 = Debug|Any CPU
		{F16BC39F-A223-4EB7-A9FD-8998AA78FD77}.Release|Any CPU.ActiveCfg = Release|Any CPU
		{F16BC39F-A223-4EB7-A9FD-8998AA78FD77}.Release|Any CPU.Build.0 = Release|Any CPU
		{619F1062-A575-4DD5-92E0-F34446917111}.Debug|Any CPU.ActiveCfg = Debug|Any CPU
		{619F1062-A575-4DD5-92E0-F34446917111}.Debug|Any CPU.Build.0 = Debug|Any CPU
		{619F1062-A575-4DD5-92E0-F34446917111}.Release|Any CPU.ActiveCfg = Release|Any CPU
		{619F1062-A575-4DD5-92E0-F34446917111}.Release|Any CPU.Build.0 = Release|Any CPU
		{1B4DCC28-BB7B-4F49-9D39-59ADB6D2A54E}.Debug|Any CPU.ActiveCfg = Debug|Any CPU
		{1B4DCC28-BB7B-4F49-9D39-59ADB6D2A54E}.Debug|Any CPU.Build.0 = Debug|Any CPU
		{1B4DCC28-BB7B-4F49-9D39-59ADB6D2A54E}.Release|Any CPU.ActiveCfg = Release|Any CPU
		{1B4DCC28-BB7B-4F49-9D39-59ADB6D2A54E}.Release|Any CPU.Build.0 = Release|Any CPU
	EndGlobalSection
	GlobalSection(SolutionProperties) = preSolution
		HideSolutionNode = FALSE
	EndGlobalSection
	GlobalSection(ExtensibilityGlobals) = postSolution
		SolutionGuid = {CE8E9525-A25F-40E7-A07C-DAD0B22A037E}
	EndGlobalSection
EndGlobal
